
Microsoft Visual Studio Solution File, Format Version 12.00
# Visual Studio Version 17
VisualStudioVersion = 17.10.35013.160
MinimumVisualStudioVersion = 10.0.40219.1
Project("{9A19103F-16F7-4668-BE54-9A1E7A4F7556}") = "Hello", "Hello\Hello.csproj", "{AE3BC927-681D-4675-A867-7238F735ABBD}"
EndProject
Project("{9A19103F-16F7-4668-BE54-9A1E7A4F7556}") = "HelloWord", "HelloWord\HelloWord.csproj", "{B0495A1D-1B84-4628-8AB3-E7CD95EE9337}"
EndProject
Project("{9A19103F-16F7-4668-BE54-9A1E7A4F7556}") = "Vars", "Vars\Vars.csproj", "{4E50F40E-5F82-4E81-963C-413ED2DA6EAF}"
EndProject
Project("{9A19103F-16F7-4668-BE54-9A1E7A4F7556}") = "LabForLesson2", "LabForLesson2\LabForLesson2.csproj", "{9F4E5138-199A-42A7-97A6-5212F1E800A9}"
EndProject
Project("{9A19103F-16F7-4668-BE54-9A1E7A4F7556}") = "Operators", "Operators\Operators.csproj", "{CA8A77B6-AC64-49D2-873B-47EF0ABA404C}"
EndProject
Project("{9A19103F-16F7-4668-BE54-9A1E7A4F7556}") = "Crows", "Crows\Crows.csproj", "{732646AE-808A-4D11-8DFC-B1849039E277}"
EndProject
Project("{9A19103F-16F7-4668-BE54-9A1E7A4F7556}") = "Iterations", "Iterations\Iterations.csproj", "{C1EF1F44-27E3-471B-9A5C-50983FCE7C41}"
EndProject
Project("{9A19103F-16F7-4668-BE54-9A1E7A4F7556}") = "FIBONACHI", "FIBONACHI\FIBONACHI.csproj", "{CCC94452-7139-43F3-8274-C5E7B8C2CF9B}"
EndProject
Project("{9A19103F-16F7-4668-BE54-9A1E7A4F7556}") = "mod3ex1", "mod3ex1\mod3ex1.csproj", "{183BBB49-8E3B-411C-970A-EB9CAAD3A9D9}"
EndProject
Project("{9A19103F-16F7-4668-BE54-9A1E7A4F7556}") = "mod3ex2", "..\C# 12.0\Labs\Labs\mod3\Geometry\mod3ex2.csproj", "{8F297ECE-BE92-4B89-BB2E-58C4C20ABDF6}"
EndProject
Project("{9A19103F-16F7-4668-BE54-9A1E7A4F7556}") = "Methods", "Methods\Methods.csproj", "{836A7054-A5D7-405B-AD2E-D0305F5FAD3D}"
EndProject
Project("{9A19103F-16F7-4668-BE54-9A1E7A4F7556}") = "Arrays", "Arrays\Arrays.csproj", "{3CD00C49-930C-4AC6-84D2-508EEDA94E85}"
EndProject
Project("{9A19103F-16F7-4668-BE54-9A1E7A4F7556}") = "Strings", "Strings\Strings.csproj", "{3D73CA3A-B348-460A-BBBC-5DF610A7D9F0}"
EndProject
Project("{9A19103F-16F7-4668-BE54-9A1E7A4F7556}") = "mod4ex1", "mod4ex1\mod4ex1.csproj", "{A25C7667-D703-4E2E-BC4B-D114D4655F3C}"
EndProject
Project("{9A19103F-16F7-4668-BE54-9A1E7A4F7556}") = "Geometry", "Geometry\Geometry.csproj", "{3DD4E2C8-C147-472F-8EE1-EBC9A748A639}"
EndProject
Project("{9A19103F-16F7-4668-BE54-9A1E7A4F7556}") = "DateProject", "DateProject\DateProject.csproj", "{7EE625F4-5620-42C7-B15C-3E2F9A9B629A}"
EndProject
Project("{9A19103F-16F7-4668-BE54-9A1E7A4F7556}") = "mod4ex2", "mod4ex2\mod4ex2.csproj", "{6989606A-235A-454A-843E-22FB4E54422D}"
EndProject
Project("{FAE04EC0-301F-11D3-BF4B-00C04F79EFBC}") = "Reflection", "Reflection\Reflection.csproj", "{28963669-F1F3-4CB6-B045-4F72CE23926F}"
EndProject
Project("{FAE04EC0-301F-11D3-BF4B-00C04F79EFBC}") = "ExeptionProject", "ExeptionProject\ExeptionProject.csproj", "{B73BF8F1-3963-46C0-90B8-F7FCA0987E37}"
EndProject
Project("{FAE04EC0-301F-11D3-BF4B-00C04F79EFBC}") = "FileProject", "FileProject\FileProject.csproj", "{D4D6EC74-1C84-4737-8F1F-5E58A4B3DCF6}"
EndProject
Project("{FAE04EC0-301F-11D3-BF4B-00C04F79EFBC}") = "mod8ex1", "mod8ex1\mod8ex1.csproj", "{049A6B47-F952-487F-8C9B-4ACA407D659B}"
EndProject
Project("{9A19103F-16F7-4668-BE54-9A1E7A4F7556}") = "Lab9", "..\C# 12.0\Labs\Labs\mod9\Lab9\Lab9.csproj", "{47573F58-A96D-48D5-B568-8F9E11A880DD}"
EndProject
Project("{9A19103F-16F7-4668-BE54-9A1E7A4F7556}") = "Lab10", "..\C# 12.0\Labs\Labs\mod10\Lab10\Lab10.csproj", "{81688B36-D360-42BE-A9C2-84CFDEBBEFA0}"
EndProject
Global
	GlobalSection(SolutionConfigurationPlatforms) = preSolution
		Debug|Any CPU = Debug|Any CPU
		Release|Any CPU = Release|Any CPU
	EndGlobalSection
	GlobalSection(ProjectConfigurationPlatforms) = postSolution
		{AE3BC927-681D-4675-A867-7238F735ABBD}.Debug|Any CPU.ActiveCfg = Debug|Any CPU
		{AE3BC927-681D-4675-A867-7238F735ABBD}.Debug|Any CPU.Build.0 = Debug|Any CPU
		{AE3BC927-681D-4675-A867-7238F735ABBD}.Release|Any CPU.ActiveCfg = Release|Any CPU
		{AE3BC927-681D-4675-A867-7238F735ABBD}.Release|Any CPU.Build.0 = Release|Any CPU
		{B0495A1D-1B84-4628-8AB3-E7CD95EE9337}.Debug|Any CPU.ActiveCfg = Debug|Any CPU
		{B0495A1D-1B84-4628-8AB3-E7CD95EE9337}.Debug|Any CPU.Build.0 = Debug|Any CPU
		{B0495A1D-1B84-4628-8AB3-E7CD95EE9337}.Release|Any CPU.ActiveCfg = Release|Any CPU
		{B0495A1D-1B84-4628-8AB3-E7CD95EE9337}.Release|Any CPU.Build.0 = Release|Any CPU
		{4E50F40E-5F82-4E81-963C-413ED2DA6EAF}.Debug|Any CPU.ActiveCfg = Debug|Any CPU
		{4E50F40E-5F82-4E81-963C-413ED2DA6EAF}.Debug|Any CPU.Build.0 = Debug|Any CPU
		{4E50F40E-5F82-4E81-963C-413ED2DA6EAF}.Release|Any CPU.ActiveCfg = Release|Any CPU
		{4E50F40E-5F82-4E81-963C-413ED2DA6EAF}.Release|Any CPU.Build.0 = Release|Any CPU
		{9F4E5138-199A-42A7-97A6-5212F1E800A9}.Debug|Any CPU.ActiveCfg = Debug|Any CPU
		{9F4E5138-199A-42A7-97A6-5212F1E800A9}.Debug|Any CPU.Build.0 = Debug|Any CPU
		{9F4E5138-199A-42A7-97A6-5212F1E800A9}.Release|Any CPU.ActiveCfg = Release|Any CPU
		{9F4E5138-199A-42A7-97A6-5212F1E800A9}.Release|Any CPU.Build.0 = Release|Any CPU
		{CA8A77B6-AC64-49D2-873B-47EF0ABA404C}.Debug|Any CPU.ActiveCfg = Debug|Any CPU
		{CA8A77B6-AC64-49D2-873B-47EF0ABA404C}.Debug|Any CPU.Build.0 = Debug|Any CPU
		{CA8A77B6-AC64-49D2-873B-47EF0ABA404C}.Release|Any CPU.ActiveCfg = Release|Any CPU
		{CA8A77B6-AC64-49D2-873B-47EF0ABA404C}.Release|Any CPU.Build.0 = Release|Any CPU
		{732646AE-808A-4D11-8DFC-B1849039E277}.Debug|Any CPU.ActiveCfg = Debug|Any CPU
		{732646AE-808A-4D11-8DFC-B1849039E277}.Debug|Any CPU.Build.0 = Debug|Any CPU
		{732646AE-808A-4D11-8DFC-B1849039E277}.Release|Any CPU.ActiveCfg = Release|Any CPU
		{732646AE-808A-4D11-8DFC-B1849039E277}.Release|Any CPU.Build.0 = Release|Any CPU
		{C1EF1F44-27E3-471B-9A5C-50983FCE7C41}.Debug|Any CPU.ActiveCfg = Debug|Any CPU
		{C1EF1F44-27E3-471B-9A5C-50983FCE7C41}.Debug|Any CPU.Build.0 = Debug|Any CPU
		{C1EF1F44-27E3-471B-9A5C-50983FCE7C41}.Release|Any CPU.ActiveCfg = Release|Any CPU
		{C1EF1F44-27E3-471B-9A5C-50983FCE7C41}.Release|Any CPU.Build.0 = Release|Any CPU
		{CCC94452-7139-43F3-8274-C5E7B8C2CF9B}.Debug|Any CPU.ActiveCfg = Debug|Any CPU
		{CCC94452-7139-43F3-8274-C5E7B8C2CF9B}.Debug|Any CPU.Build.0 = Debug|Any CPU
		{CCC94452-7139-43F3-8274-C5E7B8C2CF9B}.Release|Any CPU.ActiveCfg = Release|Any CPU
		{CCC94452-7139-43F3-8274-C5E7B8C2CF9B}.Release|Any CPU.Build.0 = Release|Any CPU
		{183BBB49-8E3B-411C-970A-EB9CAAD3A9D9}.Debug|Any CPU.ActiveCfg = Debug|Any CPU
		{183BBB49-8E3B-411C-970A-EB9CAAD3A9D9}.Debug|Any CPU.Build.0 = Debug|Any CPU
		{183BBB49-8E3B-411C-970A-EB9CAAD3A9D9}.Release|Any CPU.ActiveCfg = Release|Any CPU
		{183BBB49-8E3B-411C-970A-EB9CAAD3A9D9}.Release|Any CPU.Build.0 = Release|Any CPU
		{8F297ECE-BE92-4B89-BB2E-58C4C20ABDF6}.Debug|Any CPU.ActiveCfg = Debug|Any CPU
		{8F297ECE-BE92-4B89-BB2E-58C4C20ABDF6}.Debug|Any CPU.Build.0 = Debug|Any CPU
		{8F297ECE-BE92-4B89-BB2E-58C4C20ABDF6}.Release|Any CPU.ActiveCfg = Release|Any CPU
		{8F297ECE-BE92-4B89-BB2E-58C4C20ABDF6}.Release|Any CPU.Build.0 = Release|Any CPU
		{836A7054-A5D7-405B-AD2E-D0305F5FAD3D}.Debug|Any CPU.ActiveCfg = Debug|Any CPU
		{836A7054-A5D7-405B-AD2E-D0305F5FAD3D}.Debug|Any CPU.Build.0 = Debug|Any CPU
		{836A7054-A5D7-405B-AD2E-D0305F5FAD3D}.Release|Any CPU.ActiveCfg = Release|Any CPU
		{836A7054-A5D7-405B-AD2E-D0305F5FAD3D}.Release|Any CPU.Build.0 = Release|Any CPU
		{3CD00C49-930C-4AC6-84D2-508EEDA94E85}.Debug|Any CPU.ActiveCfg = Debug|Any CPU
		{3CD00C49-930C-4AC6-84D2-508EEDA94E85}.Debug|Any CPU.Build.0 = Debug|Any CPU
		{3CD00C49-930C-4AC6-84D2-508EEDA94E85}.Release|Any CPU.ActiveCfg = Release|Any CPU
		{3CD00C49-930C-4AC6-84D2-508EEDA94E85}.Release|Any CPU.Build.0 = Release|Any CPU
		{3D73CA3A-B348-460A-BBBC-5DF610A7D9F0}.Debug|Any CPU.ActiveCfg = Debug|Any CPU
		{3D73CA3A-B348-460A-BBBC-5DF610A7D9F0}.Debug|Any CPU.Build.0 = Debug|Any CPU
		{3D73CA3A-B348-460A-BBBC-5DF610A7D9F0}.Release|Any CPU.ActiveCfg = Release|Any CPU
		{3D73CA3A-B348-460A-BBBC-5DF610A7D9F0}.Release|Any CPU.Build.0 = Release|Any CPU
		{A25C7667-D703-4E2E-BC4B-D114D4655F3C}.Debug|Any CPU.ActiveCfg = Debug|Any CPU
		{A25C7667-D703-4E2E-BC4B-D114D4655F3C}.Debug|Any CPU.Build.0 = Debug|Any CPU
		{A25C7667-D703-4E2E-BC4B-D114D4655F3C}.Release|Any CPU.ActiveCfg = Release|Any CPU
		{A25C7667-D703-4E2E-BC4B-D114D4655F3C}.Release|Any CPU.Build.0 = Release|Any CPU
		{3DD4E2C8-C147-472F-8EE1-EBC9A748A639}.Debug|Any CPU.ActiveCfg = Debug|Any CPU
		{3DD4E2C8-C147-472F-8EE1-EBC9A748A639}.Debug|Any CPU.Build.0 = Debug|Any CPU
		{3DD4E2C8-C147-472F-8EE1-EBC9A748A639}.Release|Any CPU.ActiveCfg = Release|Any CPU
		{3DD4E2C8-C147-472F-8EE1-EBC9A748A639}.Release|Any CPU.Build.0 = Release|Any CPU
		{7EE625F4-5620-42C7-B15C-3E2F9A9B629A}.Debug|Any CPU.ActiveCfg = Debug|Any CPU
		{7EE625F4-5620-42C7-B15C-3E2F9A9B629A}.Debug|Any CPU.Build.0 = Debug|Any CPU
		{7EE625F4-5620-42C7-B15C-3E2F9A9B629A}.Release|Any CPU.ActiveCfg = Release|Any CPU
		{7EE625F4-5620-42C7-B15C-3E2F9A9B629A}.Release|Any CPU.Build.0 = Release|Any CPU
		{6989606A-235A-454A-843E-22FB4E54422D}.Debug|Any CPU.ActiveCfg = Debug|Any CPU
		{6989606A-235A-454A-843E-22FB4E54422D}.Debug|Any CPU.Build.0 = Debug|Any CPU
		{6989606A-235A-454A-843E-22FB4E54422D}.Release|Any CPU.ActiveCfg = Release|Any CPU
		{6989606A-235A-454A-843E-22FB4E54422D}.Release|Any CPU.Build.0 = Release|Any CPU
		{28963669-F1F3-4CB6-B045-4F72CE23926F}.Debug|Any CPU.ActiveCfg = Debug|Any CPU
		{28963669-F1F3-4CB6-B045-4F72CE23926F}.Debug|Any CPU.Build.0 = Debug|Any CPU
		{28963669-F1F3-4CB6-B045-4F72CE23926F}.Release|Any CPU.ActiveCfg = Release|Any CPU
		{28963669-F1F3-4CB6-B045-4F72CE23926F}.Release|Any CPU.Build.0 = Release|Any CPU
		{B73BF8F1-3963-46C0-90B8-F7FCA0987E37}.Debug|Any CPU.ActiveCfg = Debug|Any CPU
		{B73BF8F1-3963-46C0-90B8-F7FCA0987E37}.Debug|Any CPU.Build.0 = Debug|Any CPU
		{B73BF8F1-3963-46C0-90B8-F7FCA0987E37}.Release|Any CPU.ActiveCfg = Release|Any CPU
		{B73BF8F1-3963-46C0-90B8-F7FCA0987E37}.Release|Any CPU.Build.0 = Release|Any CPU
		{D4D6EC74-1C84-4737-8F1F-5E58A4B3DCF6}.Debug|Any CPU.ActiveCfg = Debug|Any CPU
		{D4D6EC74-1C84-4737-8F1F-5E58A4B3DCF6}.Debug|Any CPU.Build.0 = Debug|Any CPU
		{D4D6EC74-1C84-4737-8F1F-5E58A4B3DCF6}.Release|Any CPU.ActiveCfg = Release|Any CPU
		{D4D6EC74-1C84-4737-8F1F-5E58A4B3DCF6}.Release|Any CPU.Build.0 = Release|Any CPU
		{049A6B47-F952-487F-8C9B-4ACA407D659B}.Debug|Any CPU.ActiveCfg = Debug|Any CPU
		{049A6B47-F952-487F-8C9B-4ACA407D659B}.Debug|Any CPU.Build.0 = Debug|Any CPU
		{049A6B47-F952-487F-8C9B-4ACA407D659B}.Release|Any CPU.ActiveCfg = Release|Any CPU
		{049A6B47-F952-487F-8C9B-4ACA407D659B}.Release|Any CPU.Build.0 = Release|Any CPU
		{47573F58-A96D-48D5-B568-8F9E11A880DD}.Debug|Any CPU.ActiveCfg = Debug|Any CPU
		{47573F58-A96D-48D5-B568-8F9E11A880DD}.Debug|Any CPU.Build.0 = Debug|Any CPU
		{47573F58-A96D-48D5-B568-8F9E11A880DD}.Release|Any CPU.ActiveCfg = Release|Any CPU
		{47573F58-A96D-48D5-B568-8F9E11A880DD}.Release|Any CPU.Build.0 = Release|Any CPU
		{81688B36-D360-42BE-A9C2-84CFDEBBEFA0}.Debug|Any CPU.ActiveCfg = Debug|Any CPU
		{81688B36-D360-42BE-A9C2-84CFDEBBEFA0}.Debug|Any CPU.Build.0 = Debug|Any CPU
		{81688B36-D360-42BE-A9C2-84CFDEBBEFA0}.Release|Any CPU.ActiveCfg = Release|Any CPU
		{81688B36-D360-42BE-A9C2-84CFDEBBEFA0}.Release|Any CPU.Build.0 = Release|Any CPU
	EndGlobalSection
	GlobalSection(SolutionProperties) = preSolution
		HideSolutionNode = FALSE
	EndGlobalSection
	GlobalSection(ExtensibilityGlobals) = postSolution
		SolutionGuid = {EEC84BCC-4680-4BCE-A174-08B31D30A8BE}
	EndGlobalSection
EndGlobal
